<Solution>
  <Folder Name="/docs/">
    <File Path="../docs/CODE_SUMMARY.md" />
    <File Path="../docs/DESIGN_DECISIONS.md" />
    <File Path="../docs/FEATURE_COMPARISON.md" />
    <File Path="../docs/full-graph.json" />
    <File Path="../docs/graph-viewer.html" />
    <File Path="../docs/project-dependencies.json" />
    <File Path="../docs/PROJECT_STATE.md" />
    <File Path="../docs/ROADMAP.md" />
  </Folder>
  <Project Path="VoiceType/VoiceType.csproj" />
</Solution>
